
Microsoft Visual Studio Solution File, Format Version 12.00
# Visual Studio Version 17
VisualStudioVersion = 17.1.32421.90
MinimumVisualStudioVersion = 10.0.40219.1
Project("{FAE04EC0-301F-11D3-BF4B-00C04F79EFBC}") = "CoreFirstProgram08", "CoreFirstProgram08\CoreFirstProgram08.csproj", "{D3508F64-FB44-4BF8-8284-58ADC988ABB2}"
EndProject
Global
	GlobalSection(SolutionConfigurationPlatforms) = preSolution
		Debug|Any CPU = Debug|Any CPU
		Release|Any CPU = Release|Any CPU
	EndGlobalSection
	GlobalSection(ProjectConfigurationPlatforms) = postSolution
		{D3508F64-FB44-4BF8-8284-58ADC988ABB2}.Debug|Any CPU.ActiveCfg = Debug|Any CPU
		{D3508F64-FB44-4BF8-8284-58ADC988ABB2}.Debug|Any CPU.Build.0 = Debug|Any CPU
		{D3508F64-FB44-4BF8-8284-58ADC988ABB2}.Release|Any CPU.ActiveCfg = Release|Any CPU
		{D3508F64-FB44-4BF8-8284-58ADC988ABB2}.Release|Any CPU.Build.0 = Release|Any CPU
	EndGlobalSection
	GlobalSection(SolutionProperties) = preSolution
		HideSolutionNode = FALSE
	EndGlobalSection
	GlobalSection(ExtensibilityGlobals) = postSolution
		SolutionGuid = {1A706C25-C792-4D04-B7DC-C338A1BD2BF9}
	EndGlobalSection
EndGlobal
